// !$*UTF8*$!
{
	archiveVersion = 1;
	classes = {
	};
	objectVersion = 50;
	objects = {

/* Begin PBXBuildFile section */
		DD2FF6B225C5DDD9008E881D /* MapScreen.swift in Sources */ = {isa = PBXBuildFile; fileRef = DD2FF6B025C5DDD9008E881D /* MapScreen.swift */; };
		DD2FF6B325C5DDD9008E881D /* MapScreen.xib in Resources */ = {isa = PBXBuildFile; fileRef = DD2FF6B125C5DDD9008E881D /* MapScreen.xib */; };
		DD2FF6B925C61350008E881D /* StationInfoViewController.swift in Sources */ = {isa = PBXBuildFile; fileRef = DD2FF6B725C61350008E881D /* StationInfoViewController.swift */; };
		DD2FF6BA25C61350008E881D /* StationInfoViewController.xib in Resources */ = {isa = PBXBuildFile; fileRef = DD2FF6B825C61350008E881D /* StationInfoViewController.xib */; };
		DD2FF6C825C64A40008E881D /* BookingViewController.swift in Sources */ = {isa = PBXBuildFile; fileRef = DD2FF6C625C64A40008E881D /* BookingViewController.swift */; };
		DD2FF6C925C64A40008E881D /* BookingViewController.xib in Resources */ = {isa = PBXBuildFile; fileRef = DD2FF6C725C64A40008E881D /* BookingViewController.xib */; };
		DD2FF6E325C6666E008E881D /* SubmitViewController.swift in Sources */ = {isa = PBXBuildFile; fileRef = DD2FF6E225C6666E008E881D /* SubmitViewController.swift */; };
		DD2FF6E825C68B14008E881D /* LocationManager.swift in Sources */ = {isa = PBXBuildFile; fileRef = DD2FF6E725C68B14008E881D /* LocationManager.swift */; };
		DD371F7A25C5B61300A5699C /* AppDelegate.swift in Sources */ = {isa = PBXBuildFile; fileRef = DD371F7925C5B61300A5699C /* AppDelegate.swift */; };
		DD371F7C25C5B61300A5699C /* SceneDelegate.swift in Sources */ = {isa = PBXBuildFile; fileRef = DD371F7B25C5B61300A5699C /* SceneDelegate.swift */; };
		DD371F7E25C5B61300A5699C /* ViewController.swift in Sources */ = {isa = PBXBuildFile; fileRef = DD371F7D25C5B61300A5699C /* ViewController.swift */; };
		DD371F8125C5B61300A5699C /* Main.storyboard in Resources */ = {isa = PBXBuildFile; fileRef = DD371F7F25C5B61300A5699C /* Main.storyboard */; };
		DD371F8325C5B61600A5699C /* Assets.xcassets in Resources */ = {isa = PBXBuildFile; fileRef = DD371F8225C5B61600A5699C /* Assets.xcassets */; };
		DD371F8625C5B61600A5699C /* LaunchScreen.storyboard in Resources */ = {isa = PBXBuildFile; fileRef = DD371F8425C5B61600A5699C /* LaunchScreen.storyboard */; };
		DD371F9125C5B61700A5699C /* Drone_DramaTests.swift in Sources */ = {isa = PBXBuildFile; fileRef = DD371F9025C5B61700A5699C /* Drone_DramaTests.swift */; };
		DD371F9C25C5B61700A5699C /* Drone_DramaUITests.swift in Sources */ = {isa = PBXBuildFile; fileRef = DD371F9B25C5B61700A5699C /* Drone_DramaUITests.swift */; };
/* End PBXBuildFile section */

/* Begin PBXContainerItemProxy section */
		DD371F8D25C5B61700A5699C /* PBXContainerItemProxy */ = {
			isa = PBXContainerItemProxy;
			containerPortal = DD371F6E25C5B61300A5699C /* Project object */;
			proxyType = 1;
			remoteGlobalIDString = DD371F7525C5B61300A5699C;
			remoteInfo = "Drone Drama";
		};
		DD371F9825C5B61700A5699C /* PBXContainerItemProxy */ = {
			isa = PBXContainerItemProxy;
			containerPortal = DD371F6E25C5B61300A5699C /* Project object */;
			proxyType = 1;
			remoteGlobalIDString = DD371F7525C5B61300A5699C;
			remoteInfo = "Drone Drama";
		};
/* End PBXContainerItemProxy section */

/* Begin PBXFileReference section */
		DD2FF6B025C5DDD9008E881D /* MapScreen.swift */ = {isa = PBXFileReference; lastKnownFileType = sourcecode.swift; path = MapScreen.swift; sourceTree = "<group>"; };
		DD2FF6B125C5DDD9008E881D /* MapScreen.xib */ = {isa = PBXFileReference; lastKnownFileType = file.xib; path = MapScreen.xib; sourceTree = "<group>"; };
		DD2FF6B725C61350008E881D /* StationInfoViewController.swift */ = {isa = PBXFileReference; lastKnownFileType = sourcecode.swift; path = StationInfoViewController.swift; sourceTree = "<group>"; };
		DD2FF6B825C61350008E881D /* StationInfoViewController.xib */ = {isa = PBXFileReference; lastKnownFileType = file.xib; path = StationInfoViewController.xib; sourceTree = "<group>"; };
		DD2FF6C625C64A40008E881D /* BookingViewController.swift */ = {isa = PBXFileReference; lastKnownFileType = sourcecode.swift; path = BookingViewController.swift; sourceTree = "<group>"; };
		DD2FF6C725C64A40008E881D /* BookingViewController.xib */ = {isa = PBXFileReference; lastKnownFileType = file.xib; path = BookingViewController.xib; sourceTree = "<group>"; };
		DD2FF6E225C6666E008E881D /* SubmitViewController.swift */ = {isa = PBXFileReference; lastKnownFileType = sourcecode.swift; path = SubmitViewController.swift; sourceTree = "<group>"; };
		DD2FF6E725C68B14008E881D /* LocationManager.swift */ = {isa = PBXFileReference; fileEncoding = 4; lastKnownFileType = sourcecode.swift; path = LocationManager.swift; sourceTree = "<group>"; };
		DD371F7625C5B61300A5699C /* Hey Pigeon.app */ = {isa = PBXFileReference; explicitFileType = wrapper.application; includeInIndex = 0; path = "Hey Pigeon.app"; sourceTree = BUILT_PRODUCTS_DIR; };
		DD371F7925C5B61300A5699C /* AppDelegate.swift */ = {isa = PBXFileReference; lastKnownFileType = sourcecode.swift; path = AppDelegate.swift; sourceTree = "<group>"; };
		DD371F7B25C5B61300A5699C /* SceneDelegate.swift */ = {isa = PBXFileReference; lastKnownFileType = sourcecode.swift; path = SceneDelegate.swift; sourceTree = "<group>"; };
		DD371F7D25C5B61300A5699C /* ViewController.swift */ = {isa = PBXFileReference; lastKnownFileType = sourcecode.swift; path = ViewController.swift; sourceTree = "<group>"; };
		DD371F8025C5B61300A5699C /* Base */ = {isa = PBXFileReference; lastKnownFileType = file.storyboard; name = Base; path = Base.lproj/Main.storyboard; sourceTree = "<group>"; };
		DD371F8225C5B61600A5699C /* Assets.xcassets */ = {isa = PBXFileReference; lastKnownFileType = folder.assetcatalog; path = Assets.xcassets; sourceTree = "<group>"; };
		DD371F8525C5B61600A5699C /* Base */ = {isa = PBXFileReference; lastKnownFileType = file.storyboard; name = Base; path = Base.lproj/LaunchScreen.storyboard; sourceTree = "<group>"; };
		DD371F8725C5B61600A5699C /* Info.plist */ = {isa = PBXFileReference; lastKnownFileType = text.plist.xml; path = Info.plist; sourceTree = "<group>"; };
		DD371F8C25C5B61700A5699C /* Drone DramaTests.xctest */ = {isa = PBXFileReference; explicitFileType = wrapper.cfbundle; includeInIndex = 0; path = "Drone DramaTests.xctest"; sourceTree = BUILT_PRODUCTS_DIR; };
		DD371F9025C5B61700A5699C /* Drone_DramaTests.swift */ = {isa = PBXFileReference; lastKnownFileType = sourcecode.swift; path = Drone_DramaTests.swift; sourceTree = "<group>"; };
		DD371F9225C5B61700A5699C /* Info.plist */ = {isa = PBXFileReference; lastKnownFileType = text.plist.xml; path = Info.plist; sourceTree = "<group>"; };
		DD371F9725C5B61700A5699C /* Drone DramaUITests.xctest */ = {isa = PBXFileReference; explicitFileType = wrapper.cfbundle; includeInIndex = 0; path = "Drone DramaUITests.xctest"; sourceTree = BUILT_PRODUCTS_DIR; };
		DD371F9B25C5B61700A5699C /* Drone_DramaUITests.swift */ = {isa = PBXFileReference; lastKnownFileType = sourcecode.swift; path = Drone_DramaUITests.swift; sourceTree = "<group>"; };
		DD371F9D25C5B61700A5699C /* Info.plist */ = {isa = PBXFileReference; lastKnownFileType = text.plist.xml; path = Info.plist; sourceTree = "<group>"; };
/* End PBXFileReference section */

/* Begin PBXFrameworksBuildPhase section */
		DD371F7325C5B61300A5699C /* Frameworks */ = {
			isa = PBXFrameworksBuildPhase;
			buildActionMask = 2147483647;
			files = (
			);
			runOnlyForDeploymentPostprocessing = 0;
		};
		DD371F8925C5B61700A5699C /* Frameworks */ = {
			isa = PBXFrameworksBuildPhase;
			buildActionMask = 2147483647;
			files = (
			);
			runOnlyForDeploymentPostprocessing = 0;
		};
		DD371F9425C5B61700A5699C /* Frameworks */ = {
			isa = PBXFrameworksBuildPhase;
			buildActionMask = 2147483647;
			files = (
			);
			runOnlyForDeploymentPostprocessing = 0;
		};
/* End PBXFrameworksBuildPhase section */

/* Begin PBXGroup section */
		DD371F6D25C5B61300A5699C = {
			isa = PBXGroup;
			children = (
				DD371F7825C5B61300A5699C /* Drone Drama */,
				DD371F8F25C5B61700A5699C /* Drone DramaTests */,
				DD371F9A25C5B61700A5699C /* Drone DramaUITests */,
				DD371F7725C5B61300A5699C /* Products */,
			);
			sourceTree = "<group>";
		};
		DD371F7725C5B61300A5699C /* Products */ = {
			isa = PBXGroup;
			children = (
				DD371F7625C5B61300A5699C /* Hey Pigeon.app */,
				DD371F8C25C5B61700A5699C /* Drone DramaTests.xctest */,
				DD371F9725C5B61700A5699C /* Drone DramaUITests.xctest */,
			);
			name = Products;
			sourceTree = "<group>";
		};
		DD371F7825C5B61300A5699C /* Drone Drama */ = {
			isa = PBXGroup;
			children = (
				DD371F7925C5B61300A5699C /* AppDelegate.swift */,
				DD371F7B25C5B61300A5699C /* SceneDelegate.swift */,
				DD371F7D25C5B61300A5699C /* ViewController.swift */,
				DD371F7F25C5B61300A5699C /* Main.storyboard */,
				DD2FF6B025C5DDD9008E881D /* MapScreen.swift */,
				DD2FF6E225C6666E008E881D /* SubmitViewController.swift */,
				DD2FF6B725C61350008E881D /* StationInfoViewController.swift */,
				DD2FF6B825C61350008E881D /* StationInfoViewController.xib */,
				DD2FF6B125C5DDD9008E881D /* MapScreen.xib */,
				DD371F8225C5B61600A5699C /* Assets.xcassets */,
				DD371F8425C5B61600A5699C /* LaunchScreen.storyboard */,
				DD371F8725C5B61600A5699C /* Info.plist */,
				DD2FF6C625C64A40008E881D /* BookingViewController.swift */,
				DD2FF6E725C68B14008E881D /* LocationManager.swift */,
				DD2FF6C725C64A40008E881D /* BookingViewController.xib */,
			);
			path = "Drone Drama";
			sourceTree = "<group>";
		};
		DD371F8F25C5B61700A5699C /* Drone DramaTests */ = {
			isa = PBXGroup;
			children = (
				DD371F9025C5B61700A5699C /* Drone_DramaTests.swift */,
				DD371F9225C5B61700A5699C /* Info.plist */,
			);
			path = "Drone DramaTests";
			sourceTree = "<group>";
		};
		DD371F9A25C5B61700A5699C /* Drone DramaUITests */ = {
			isa = PBXGroup;
			children = (
				DD371F9B25C5B61700A5699C /* Drone_DramaUITests.swift */,
				DD371F9D25C5B61700A5699C /* Info.plist */,
			);
			path = "Drone DramaUITests";
			sourceTree = "<group>";
		};
/* End PBXGroup section */

/* Begin PBXNativeTarget section */
		DD371F7525C5B61300A5699C /* Drone Drama */ = {
			isa = PBXNativeTarget;
			buildConfigurationList = DD371FA025C5B61700A5699C /* Build configuration list for PBXNativeTarget "Drone Drama" */;
			buildPhases = (
				DD371F7225C5B61300A5699C /* Sources */,
				DD371F7325C5B61300A5699C /* Frameworks */,
				DD371F7425C5B61300A5699C /* Resources */,
			);
			buildRules = (
			);
			dependencies = (
			);
			name = "Drone Drama";
			productName = "Drone Drama";
			productReference = DD371F7625C5B61300A5699C /* Hey Pigeon.app */;
			productType = "com.apple.product-type.application";
		};
		DD371F8B25C5B61700A5699C /* Drone DramaTests */ = {
			isa = PBXNativeTarget;
			buildConfigurationList = DD371FA325C5B61700A5699C /* Build configuration list for PBXNativeTarget "Drone DramaTests" */;
			buildPhases = (
				DD371F8825C5B61700A5699C /* Sources */,
				DD371F8925C5B61700A5699C /* Frameworks */,
				DD371F8A25C5B61700A5699C /* Resources */,
			);
			buildRules = (
			);
			dependencies = (
				DD371F8E25C5B61700A5699C /* PBXTargetDependency */,
			);
			name = "Drone DramaTests";
			productName = "Drone DramaTests";
			productReference = DD371F8C25C5B61700A5699C /* Drone DramaTests.xctest */;
			productType = "com.apple.product-type.bundle.unit-test";
		};
		DD371F9625C5B61700A5699C /* Drone DramaUITests */ = {
			isa = PBXNativeTarget;
			buildConfigurationList = DD371FA625C5B61700A5699C /* Build configuration list for PBXNativeTarget "Drone DramaUITests" */;
			buildPhases = (
				DD371F9325C5B61700A5699C /* Sources */,
				DD371F9425C5B61700A5699C /* Frameworks */,
				DD371F9525C5B61700A5699C /* Resources */,
			);
			buildRules = (
			);
			dependencies = (
				DD371F9925C5B61700A5699C /* PBXTargetDependency */,
			);
			name = "Drone DramaUITests";
			productName = "Drone DramaUITests";
			productReference = DD371F9725C5B61700A5699C /* Drone DramaUITests.xctest */;
			productType = "com.apple.product-type.bundle.ui-testing";
		};
/* End PBXNativeTarget section */

/* Begin PBXProject section */
		DD371F6E25C5B61300A5699C /* Project object */ = {
			isa = PBXProject;
			attributes = {
				LastSwiftUpdateCheck = 1230;
				LastUpgradeCheck = 1230;
				TargetAttributes = {
					DD371F7525C5B61300A5699C = {
						CreatedOnToolsVersion = 12.3;
					};
					DD371F8B25C5B61700A5699C = {
						CreatedOnToolsVersion = 12.3;
						TestTargetID = DD371F7525C5B61300A5699C;
					};
					DD371F9625C5B61700A5699C = {
						CreatedOnToolsVersion = 12.3;
						TestTargetID = DD371F7525C5B61300A5699C;
					};
				};
			};
			buildConfigurationList = DD371F7125C5B61300A5699C /* Build configuration list for PBXProject "Hey Pigeon" */;
			compatibilityVersion = "Xcode 9.3";
			developmentRegion = en;
			hasScannedForEncodings = 0;
			knownRegions = (
				en,
				Base,
			);
			mainGroup = DD371F6D25C5B61300A5699C;
			productRefGroup = DD371F7725C5B61300A5699C /* Products */;
			projectDirPath = "";
			projectRoot = "";
			targets = (
				DD371F7525C5B61300A5699C /* Drone Drama */,
				DD371F8B25C5B61700A5699C /* Drone DramaTests */,
				DD371F9625C5B61700A5699C /* Drone DramaUITests */,
			);
		};
/* End PBXProject section */

/* Begin PBXResourcesBuildPhase section */
		DD371F7425C5B61300A5699C /* Resources */ = {
			isa = PBXResourcesBuildPhase;
			buildActionMask = 2147483647;
			files = (
				DD2FF6C925C64A40008E881D /* BookingViewController.xib in Resources */,
				DD2FF6BA25C61350008E881D /* StationInfoViewController.xib in Resources */,
				DD2FF6B325C5DDD9008E881D /* MapScreen.xib in Resources */,
				DD371F8625C5B61600A5699C /* LaunchScreen.storyboard in Resources */,
				DD371F8325C5B61600A5699C /* Assets.xcassets in Resources */,
				DD371F8125C5B61300A5699C /* Main.storyboard in Resources */,
			);
			runOnlyForDeploymentPostprocessing = 0;
		};
		DD371F8A25C5B61700A5699C /* Resources */ = {
			isa = PBXResourcesBuildPhase;
			buildActionMask = 2147483647;
			files = (
			);
			runOnlyForDeploymentPostprocessing = 0;
		};
		DD371F9525C5B61700A5699C /* Resources */ = {
			isa = PBXResourcesBuildPhase;
			buildActionMask = 2147483647;
			files = (
			);
			runOnlyForDeploymentPostprocessing = 0;
		};
/* End PBXResourcesBuildPhase section */

/* Begin PBXSourcesBuildPhase section */
		DD371F7225C5B61300A5699C /* Sources */ = {
			isa = PBXSourcesBuildPhase;
			buildActionMask = 2147483647;
			files = (
				DD2FF6E325C6666E008E881D /* SubmitViewController.swift in Sources */,
				DD2FF6B225C5DDD9008E881D /* MapScreen.swift in Sources */,
				DD371F7E25C5B61300A5699C /* ViewController.swift in Sources */,
				DD2FF6B925C61350008E881D /* StationInfoViewController.swift in Sources */,
				DD2FF6E825C68B14008E881D /* LocationManager.swift in Sources */,
				DD371F7A25C5B61300A5699C /* AppDelegate.swift in Sources */,
				DD2FF6C825C64A40008E881D /* BookingViewController.swift in Sources */,
				DD371F7C25C5B61300A5699C /* SceneDelegate.swift in Sources */,
			);
			runOnlyForDeploymentPostprocessing = 0;
		};
		DD371F8825C5B61700A5699C /* Sources */ = {
			isa = PBXSourcesBuildPhase;
			buildActionMask = 2147483647;
			files = (
				DD371F9125C5B61700A5699C /* Drone_DramaTests.swift in Sources */,
			);
			runOnlyForDeploymentPostprocessing = 0;
		};
		DD371F9325C5B61700A5699C /* Sources */ = {
			isa = PBXSourcesBuildPhase;
			buildActionMask = 2147483647;
			files = (
				DD371F9C25C5B61700A5699C /* Drone_DramaUITests.swift in Sources */,
			);
			runOnlyForDeploymentPostprocessing = 0;
		};
/* End PBXSourcesBuildPhase section */

/* Begin PBXTargetDependency section */
		DD371F8E25C5B61700A5699C /* PBXTargetDependency */ = {
			isa = PBXTargetDependency;
			target = DD371F7525C5B61300A5699C /* Drone Drama */;
			targetProxy = DD371F8D25C5B61700A5699C /* PBXContainerItemProxy */;
		};
		DD371F9925C5B61700A5699C /* PBXTargetDependency */ = {
			isa = PBXTargetDependency;
			target = DD371F7525C5B61300A5699C /* Drone Drama */;
			targetProxy = DD371F9825C5B61700A5699C /* PBXContainerItemProxy */;
		};
/* End PBXTargetDependency section */

/* Begin PBXVariantGroup section */
		DD371F7F25C5B61300A5699C /* Main.storyboard */ = {
			isa = PBXVariantGroup;
			children = (
				DD371F8025C5B61300A5699C /* Base */,
			);
			name = Main.storyboard;
			sourceTree = "<group>";
		};
		DD371F8425C5B61600A5699C /* LaunchScreen.storyboard */ = {
			isa = PBXVariantGroup;
			children = (
				DD371F8525C5B61600A5699C /* Base */,
			);
			name = LaunchScreen.storyboard;
			sourceTree = "<group>";
		};
/* End PBXVariantGroup section */

/* Begin XCBuildConfiguration section */
		DD371F9E25C5B61700A5699C /* Debug */ = {
			isa = XCBuildConfiguration;
			buildSettings = {
				ALWAYS_SEARCH_USER_PATHS = NO;
				CLANG_ANALYZER_NONNULL = YES;
				CLANG_ANALYZER_NUMBER_OBJECT_CONVERSION = YES_AGGRESSIVE;
				CLANG_CXX_LANGUAGE_STANDARD = "gnu++14";
				CLANG_CXX_LIBRARY = "libc++";
				CLANG_ENABLE_MODULES = YES;
				CLANG_ENABLE_OBJC_ARC = YES;
				CLANG_ENABLE_OBJC_WEAK = YES;
				CLANG_WARN_BLOCK_CAPTURE_AUTORELEASING = YES;
				CLANG_WARN_BOOL_CONVERSION = YES;
				CLANG_WARN_COMMA = YES;
				CLANG_WARN_CONSTANT_CONVERSION = YES;
				CLANG_WARN_DEPRECATED_OBJC_IMPLEMENTATIONS = YES;
				CLANG_WARN_DIRECT_OBJC_ISA_USAGE = YES_ERROR;
				CLANG_WARN_DOCUMENTATION_COMMENTS = YES;
				CLANG_WARN_EMPTY_BODY = YES;
				CLANG_WARN_ENUM_CONVERSION = YES;
				CLANG_WARN_INFINITE_RECURSION = YES;
				CLANG_WARN_INT_CONVERSION = YES;
				CLANG_WARN_NON_LITERAL_NULL_CONVERSION = YES;
				CLANG_WARN_OBJC_IMPLICIT_RETAIN_SELF = YES;
				CLANG_WARN_OBJC_LITERAL_CONVERSION = YES;
				CLANG_WARN_OBJC_ROOT_CLASS = YES_ERROR;
				CLANG_WARN_QUOTED_INCLUDE_IN_FRAMEWORK_HEADER = YES;
				CLANG_WARN_RANGE_LOOP_ANALYSIS = YES;
				CLANG_WARN_STRICT_PROTOTYPES = YES;
				CLANG_WARN_SUSPICIOUS_MOVE = YES;
				CLANG_WARN_UNGUARDED_AVAILABILITY = YES_AGGRESSIVE;
				CLANG_WARN_UNREACHABLE_CODE = YES;
				CLANG_WARN__DUPLICATE_METHOD_MATCH = YES;
				COPY_PHASE_STRIP = NO;
				DEBUG_INFORMATION_FORMAT = dwarf;
				ENABLE_STRICT_OBJC_MSGSEND = YES;
				ENABLE_TESTABILITY = YES;
				GCC_C_LANGUAGE_STANDARD = gnu11;
				GCC_DYNAMIC_NO_PIC = NO;
				GCC_NO_COMMON_BLOCKS = YES;
				GCC_OPTIMIZATION_LEVEL = 0;
				GCC_PREPROCESSOR_DEFINITIONS = (
					"DEBUG=1",
					"$(inherited)",
				);
				GCC_WARN_64_TO_32_BIT_CONVERSION = YES;
				GCC_WARN_ABOUT_RETURN_TYPE = YES_ERROR;
				GCC_WARN_UNDECLARED_SELECTOR = YES;
				GCC_WARN_UNINITIALIZED_AUTOS = YES_AGGRESSIVE;
				GCC_WARN_UNUSED_FUNCTION = YES;
				GCC_WARN_UNUSED_VARIABLE = YES;
				IPHONEOS_DEPLOYMENT_TARGET = 14.3;
				MTL_ENABLE_DEBUG_INFO = INCLUDE_SOURCE;
				MTL_FAST_MATH = YES;
				ONLY_ACTIVE_ARCH = YES;
				SDKROOT = iphoneos;
				SWIFT_ACTIVE_COMPILATION_CONDITIONS = DEBUG;
				SWIFT_OPTIMIZATION_LEVEL = "-Onone";
			};
			name = Debug;
		};
		DD371F9F25C5B61700A5699C /* Release */ = {
			isa = XCBuildConfiguration;
			buildSettings = {
				ALWAYS_SEARCH_USER_PATHS = NO;
				CLANG_ANALYZER_NONNULL = YES;
				CLANG_ANALYZER_NUMBER_OBJECT_CONVERSION = YES_AGGRESSIVE;
				CLANG_CXX_LANGUAGE_STANDARD = "gnu++14";
				CLANG_CXX_LIBRARY = "libc++";
				CLANG_ENABLE_MODULES = YES;
				CLANG_ENABLE_OBJC_ARC = YES;
				CLANG_ENABLE_OBJC_WEAK = YES;
				CLANG_WARN_BLOCK_CAPTURE_AUTORELEASING = YES;
				CLANG_WARN_BOOL_CONVERSION = YES;
				CLANG_WARN_COMMA = YES;
				CLANG_WARN_CONSTANT_CONVERSION = YES;
				CLANG_WARN_DEPRECATED_OBJC_IMPLEMENTATIONS = YES;
				CLANG_WARN_DIRECT_OBJC_ISA_USAGE = YES_ERROR;
				CLANG_WARN_DOCUMENTATION_COMMENTS = YES;
				CLANG_WARN_EMPTY_BODY = YES;
				CLANG_WARN_ENUM_CONVERSION = YES;
				CLANG_WARN_INFINITE_RECURSION = YES;
				CLANG_WARN_INT_CONVERSION = YES;
				CLANG_WARN_NON_LITERAL_NULL_CONVERSION = YES;
				CLANG_WARN_OBJC_IMPLICIT_RETAIN_SELF = YES;
				CLANG_WARN_OBJC_LITERAL_CONVERSION = YES;
				CLANG_WARN_OBJC_ROOT_CLASS = YES_ERROR;
				CLANG_WARN_QUOTED_INCLUDE_IN_FRAMEWORK_HEADER = YES;
				CLANG_WARN_RANGE_LOOP_ANALYSIS = YES;
				CLANG_WARN_STRICT_PROTOTYPES = YES;
				CLANG_WARN_SUSPICIOUS_MOVE = YES;
				CLANG_WARN_UNGUARDED_AVAILABILITY = YES_AGGRESSIVE;
				CLANG_WARN_UNREACHABLE_CODE = YES;
				CLANG_WARN__DUPLICATE_METHOD_MATCH = YES;
				COPY_PHASE_STRIP = NO;
				DEBUG_INFORMATION_FORMAT = "dwarf-with-dsym";
				ENABLE_NS_ASSERTIONS = NO;
				ENABLE_STRICT_OBJC_MSGSEND = YES;
				GCC_C_LANGUAGE_STANDARD = gnu11;
				GCC_NO_COMMON_BLOCKS = YES;
				GCC_WARN_64_TO_32_BIT_CONVERSION = YES;
				GCC_WARN_ABOUT_RETURN_TYPE = YES_ERROR;
				GCC_WARN_UNDECLARED_SELECTOR = YES;
				GCC_WARN_UNINITIALIZED_AUTOS = YES_AGGRESSIVE;
				GCC_WARN_UNUSED_FUNCTION = YES;
				GCC_WARN_UNUSED_VARIABLE = YES;
				IPHONEOS_DEPLOYMENT_TARGET = 14.3;
				MTL_ENABLE_DEBUG_INFO = NO;
				MTL_FAST_MATH = YES;
				SDKROOT = iphoneos;
				SWIFT_COMPILATION_MODE = wholemodule;
				SWIFT_OPTIMIZATION_LEVEL = "-O";
				VALIDATE_PRODUCT = YES;
			};
			name = Release;
		};
		DD371FA125C5B61700A5699C /* Debug */ = {
			isa = XCBuildConfiguration;
			buildSettings = {
				ASSETCATALOG_COMPILER_APPICON_NAME = AppIcon;
				ASSETCATALOG_COMPILER_GLOBAL_ACCENT_COLOR_NAME = AccentColor;
				CODE_SIGN_STYLE = Automatic;
				DEVELOPMENT_TEAM = C9NBJ4K9H4;
				INFOPLIST_FILE = "Drone Drama/Info.plist";
				LD_RUNPATH_SEARCH_PATHS = (
					"$(inherited)",
					"@executable_path/Frameworks",
				);
				PRODUCT_BUNDLE_IDENTIFIER = "Personal.Drone-Drama";
				PRODUCT_NAME = "Hey Pigeon";
				SWIFT_VERSION = 5.0;
				TARGETED_DEVICE_FAMILY = 1;
			};
			name = Debug;
		};
		DD371FA225C5B61700A5699C /* Release */ = {
			isa = XCBuildConfiguration;
			buildSettings = {
				ASSETCATALOG_COMPILER_APPICON_NAME = AppIcon;
				ASSETCATALOG_COMPILER_GLOBAL_ACCENT_COLOR_NAME = AccentColor;
				CODE_SIGN_STYLE = Automatic;
				DEVELOPMENT_TEAM = C9NBJ4K9H4;
				INFOPLIST_FILE = "Drone Drama/Info.plist";
				LD_RUNPATH_SEARCH_PATHS = (
					"$(inherited)",
					"@executable_path/Frameworks",
				);
				PRODUCT_BUNDLE_IDENTIFIER = "Personal.Drone-Drama";
				PRODUCT_NAME = "Hey Pigeon";
				SWIFT_VERSION = 5.0;
				TARGETED_DEVICE_FAMILY = 1;
			};
			name = Release;
		};
		DD371FA425C5B61700A5699C /* Debug */ = {
			isa = XCBuildConfiguration;
			buildSettings = {
				ALWAYS_EMBED_SWIFT_STANDARD_LIBRARIES = YES;
				BUNDLE_LOADER = "$(TEST_HOST)";
				CODE_SIGN_STYLE = Automatic;
				DEVELOPMENT_TEAM = C9NBJ4K9H4;
				INFOPLIST_FILE = "Drone DramaTests/Info.plist";
				IPHONEOS_DEPLOYMENT_TARGET = 14.3;
				LD_RUNPATH_SEARCH_PATHS = (
					"$(inherited)",
					"@executable_path/Frameworks",
					"@loader_path/Frameworks",
				);
				PRODUCT_BUNDLE_IDENTIFIER = "Personal.Drone-DramaTests";
				PRODUCT_NAME = "$(TARGET_NAME)";
				SWIFT_VERSION = 5.0;
				TARGETED_DEVICE_FAMILY = "1,2";
				TEST_HOST = "$(BUILT_PRODUCTS_DIR)/Drone Drama.app/Drone Drama";
			};
			name = Debug;
		};
		DD371FA525C5B61700A5699C /* Release */ = {
			isa = XCBuildConfiguration;
			buildSettings = {
				ALWAYS_EMBED_SWIFT_STANDARD_LIBRARIES = YES;
				BUNDLE_LOADER = "$(TEST_HOST)";
				CODE_SIGN_STYLE = Automatic;
				DEVELOPMENT_TEAM = C9NBJ4K9H4;
				INFOPLIST_FILE = "Drone DramaTests/Info.plist";
				IPHONEOS_DEPLOYMENT_TARGET = 14.3;
				LD_RUNPATH_SEARCH_PATHS = (
					"$(inherited)",
					"@executable_path/Frameworks",
					"@loader_path/Frameworks",
				);
				PRODUCT_BUNDLE_IDENTIFIER = "Personal.Drone-DramaTests";
				PRODUCT_NAME = "$(TARGET_NAME)";
				SWIFT_VERSION = 5.0;
				TARGETED_DEVICE_FAMILY = "1,2";
				TEST_HOST = "$(BUILT_PRODUCTS_DIR)/Drone Drama.app/Drone Drama";
			};
			name = Release;
		};
		DD371FA725C5B61700A5699C /* Debug */ = {
			isa = XCBuildConfiguration;
			buildSettings = {
				ALWAYS_EMBED_SWIFT_STANDARD_LIBRARIES = YES;
				CODE_SIGN_STYLE = Automatic;
				DEVELOPMENT_TEAM = C9NBJ4K9H4;
				INFOPLIST_FILE = "Drone DramaUITests/Info.plist";
				LD_RUNPATH_SEARCH_PATHS = (
					"$(inherited)",
					"@executable_path/Frameworks",
					"@loader_path/Frameworks",
				);
				PRODUCT_BUNDLE_IDENTIFIER = "Personal.Drone-DramaUITests";
				PRODUCT_NAME = "$(TARGET_NAME)";
				SWIFT_VERSION = 5.0;
				TARGETED_DEVICE_FAMILY = "1,2";
				TEST_TARGET_NAME = "Drone Drama";
			};
			name = Debug;
		};
		DD371FA825C5B61700A5699C /* Release */ = {
			isa = XCBuildConfiguration;
			buildSettings = {
				ALWAYS_EMBED_SWIFT_STANDARD_LIBRARIES = YES;
				CODE_SIGN_STYLE = Automatic;
				DEVELOPMENT_TEAM = C9NBJ4K9H4;
				INFOPLIST_FILE = "Drone DramaUITests/Info.plist";
				LD_RUNPATH_SEARCH_PATHS = (
					"$(inherited)",
					"@executable_path/Frameworks",
					"@loader_path/Frameworks",
				);
				PRODUCT_BUNDLE_IDENTIFIER = "Personal.Drone-DramaUITests";
				PRODUCT_NAME = "$(TARGET_NAME)";
				SWIFT_VERSION = 5.0;
				TARGETED_DEVICE_FAMILY = "1,2";
				TEST_TARGET_NAME = "Drone Drama";
			};
			name = Release;
		};
/* End XCBuildConfiguration section */

/* Begin XCConfigurationList section */
		DD371F7125C5B61300A5699C /* Build configuration list for PBXProject "Hey Pigeon" */ = {
			isa = XCConfigurationList;
			buildConfigurations = (
				DD371F9E25C5B61700A5699C /* Debug */,
				DD371F9F25C5B61700A5699C /* Release */,
			);
			defaultConfigurationIsVisible = 0;
			defaultConfigurationName = Release;
		};
		DD371FA025C5B61700A5699C /* Build configuration list for PBXNativeTarget "Drone Drama" */ = {
			isa = XCConfigurationList;
			buildConfigurations = (
				DD371FA125C5B61700A5699C /* Debug */,
				DD371FA225C5B61700A5699C /* Release */,
			);
			defaultConfigurationIsVisible = 0;
			defaultConfigurationName = Release;
		};
		DD371FA325C5B61700A5699C /* Build configuration list for PBXNativeTarget "Drone DramaTests" */ = {
			isa = XCConfigurationList;
			buildConfigurations = (
				DD371FA425C5B61700A5699C /* Debug */,
				DD371FA525C5B61700A5699C /* Release */,
			);
			defaultConfigurationIsVisible = 0;
			defaultConfigurationName = Release;
		};
		DD371FA625C5B61700A5699C /* Build configuration list for PBXNativeTarget "Drone DramaUITests" */ = {
			isa = XCConfigurationList;
			buildConfigurations = (
				DD371FA725C5B61700A5699C /* Debug */,
				DD371FA825C5B61700A5699C /* Release */,
			);
			defaultConfigurationIsVisible = 0;
			defaultConfigurationName = Release;
		};
/* End XCConfigurationList section */
	};
	rootObject = DD371F6E25C5B61300A5699C /* Project object */;
}
